
Microsoft Visual Studio Solution File, Format Version 12.00
# Visual Studio Version 17
VisualStudioVersion = 17.14.36221.1 d17.14
MinimumVisualStudioVersion = 10.0.40219.1
Project("{FAE04EC0-301F-11D3-BF4B-00C04F79EFBC}") = "AdformAPI", "AdformAPI.csproj", "{840AEB51-0040-4D35-B138-BF9DCE360C71}"
EndProject
Global
	GlobalSection(SolutionConfigurationPlatforms) = preSolution
		Debug|Any CPU = Debug|Any CPU
		Release|Any CPU = Release|Any CPU
	EndGlobalSection
	GlobalSection(ProjectConfigurationPlatforms) = postSolution
		{840AEB51-0040-4D35-B138-BF9DCE360C71}.Debug|Any CPU.ActiveCfg = Debug|Any CPU
		{840AEB51-0040-4D35-B138-BF9DCE360C71}.Debug|Any CPU.Build.0 = Debug|Any CPU
		{840AEB51-0040-4D35-B138-BF9DCE360C71}.Release|Any CPU.ActiveCfg = Release|Any CPU
		{840AEB51-0040-4D35-B138-BF9DCE360C71}.Release|Any CPU.Build.0 = Release|Any CPU
	EndGlobalSection
	GlobalSection(SolutionProperties) = preSolution
		HideSolutionNode = FALSE
	EndGlobalSection
	GlobalSection(ExtensibilityGlobals) = postSolution
		SolutionGuid = {F51B74F5-CFA6-4221-9B28-8B4AF5C12324}
	EndGlobalSection
EndGlobal
